
Microsoft Visual Studio Solution File, Format Version 12.00
# Visual Studio Version 16
VisualStudioVersion = 16.0.30611.23
MinimumVisualStudioVersion = 10.0.40219.1
Project("{FAE04EC0-301F-11D3-BF4B-00C04F79EFBC}") = "CrudAPI", "CrudAPI.csproj", "{F080EA17-827B-4DD0-8D60-18217483064F}"
EndProject
Global
	GlobalSection(SolutionConfigurationPlatforms) = preSolution
		Debug|Any CPU = Debug|Any CPU
		Release|Any CPU = Release|Any CPU
	EndGlobalSection
	GlobalSection(ProjectConfigurationPlatforms) = postSolution
		{F080EA17-827B-4DD0-8D60-18217483064F}.Debug|Any CPU.ActiveCfg = Debug|Any CPU
		{F080EA17-827B-4DD0-8D60-18217483064F}.Debug|Any CPU.Build.0 = Debug|Any CPU
		{F080EA17-827B-4DD0-8D60-18217483064F}.Release|Any CPU.ActiveCfg = Release|Any CPU
		{F080EA17-827B-4DD0-8D60-18217483064F}.Release|Any CPU.Build.0 = Release|Any CPU
	EndGlobalSection
	GlobalSection(SolutionProperties) = preSolution
		HideSolutionNode = FALSE
	EndGlobalSection
	GlobalSection(ExtensibilityGlobals) = postSolution
		SolutionGuid = {90305337-ABD3-4A18-8782-77AB9E8DF8E2}
	EndGlobalSection
EndGlobal
